
Microsoft Visual Studio Solution File, Format Version 12.00
# Visual Studio 2012
Project("{FAE04EC0-301F-11D3-BF4B-00C04F79EFBC}") = "Core", "Core\Core.csproj", "{E99913E1-68AE-40DE-ABF8-9BFF65BBCDF1}"
EndProject
Project("{FAE04EC0-301F-11D3-BF4B-00C04F79EFBC}") = "Core.iOS", "iOS\Core.iOS.csproj", "{87CA7A3B-D3D4-400A-9EC1-F13E87139E13}"
EndProject
Project("{FAE04EC0-301F-11D3-BF4B-00C04F79EFBC}") = "Core.Droid", "Droid\Core.Droid.csproj", "{DA9CC3D8-4AC5-4556-88E9-F704E353E39C}"
EndProject
Global
	GlobalSection(SolutionConfigurationPlatforms) = preSolution
		Debug|Any CPU = Debug|Any CPU
		Release|Any CPU = Release|Any CPU
		Debug|iPhoneSimulator = Debug|iPhoneSimulator
		Release|iPhone = Release|iPhone
		Release|iPhoneSimulator = Release|iPhoneSimulator
		Debug|iPhone = Debug|iPhone
	EndGlobalSection
	GlobalSection(ProjectConfigurationPlatforms) = postSolution
		{E99913E1-68AE-40DE-ABF8-9BFF65BBCDF1}.Debug|Any CPU.ActiveCfg = Debug|Any CPU
		{E99913E1-68AE-40DE-ABF8-9BFF65BBCDF1}.Debug|Any CPU.Build.0 = Debug|Any CPU
		{E99913E1-68AE-40DE-ABF8-9BFF65BBCDF1}.Release|Any CPU.ActiveCfg = Release|Any CPU
		{E99913E1-68AE-40DE-ABF8-9BFF65BBCDF1}.Release|Any CPU.Build.0 = Release|Any CPU
		{E99913E1-68AE-40DE-ABF8-9BFF65BBCDF1}.Debug|iPhoneSimulator.ActiveCfg = Debug|Any CPU
		{E99913E1-68AE-40DE-ABF8-9BFF65BBCDF1}.Debug|iPhoneSimulator.Build.0 = Debug|Any CPU
		{E99913E1-68AE-40DE-ABF8-9BFF65BBCDF1}.Release|iPhone.ActiveCfg = Release|Any CPU
		{E99913E1-68AE-40DE-ABF8-9BFF65BBCDF1}.Release|iPhone.Build.0 = Release|Any CPU
		{E99913E1-68AE-40DE-ABF8-9BFF65BBCDF1}.Release|iPhoneSimulator.ActiveCfg = Release|Any CPU
		{E99913E1-68AE-40DE-ABF8-9BFF65BBCDF1}.Release|iPhoneSimulator.Build.0 = Release|Any CPU
		{E99913E1-68AE-40DE-ABF8-9BFF65BBCDF1}.Debug|iPhone.ActiveCfg = Debug|Any CPU
		{E99913E1-68AE-40DE-ABF8-9BFF65BBCDF1}.Debug|iPhone.Build.0 = Debug|Any CPU
		{87CA7A3B-D3D4-400A-9EC1-F13E87139E13}.Debug|Any CPU.ActiveCfg = Debug|iPhoneSimulator
		{87CA7A3B-D3D4-400A-9EC1-F13E87139E13}.Debug|Any CPU.Build.0 = Debug|iPhoneSimulator
		{87CA7A3B-D3D4-400A-9EC1-F13E87139E13}.Release|Any CPU.ActiveCfg = Release|iPhone
		{87CA7A3B-D3D4-400A-9EC1-F13E87139E13}.Release|Any CPU.Build.0 = Release|iPhone
		{87CA7A3B-D3D4-400A-9EC1-F13E87139E13}.Debug|iPhoneSimulator.ActiveCfg = Debug|iPhoneSimulator
		{87CA7A3B-D3D4-400A-9EC1-F13E87139E13}.Debug|iPhoneSimulator.Build.0 = Debug|iPhoneSimulator
		{87CA7A3B-D3D4-400A-9EC1-F13E87139E13}.Release|iPhone.ActiveCfg = Release|iPhone
		{87CA7A3B-D3D4-400A-9EC1-F13E87139E13}.Release|iPhone.Build.0 = Release|iPhone
		{87CA7A3B-D3D4-400A-9EC1-F13E87139E13}.Release|iPhoneSimulator.ActiveCfg = Release|iPhoneSimulator
		{87CA7A3B-D3D4-400A-9EC1-F13E87139E13}.Release|iPhoneSimulator.Build.0 = Release|iPhoneSimulator
		{87CA7A3B-D3D4-400A-9EC1-F13E87139E13}.Debug|iPhone.ActiveCfg = Debug|iPhone
		{87CA7A3B-D3D4-400A-9EC1-F13E87139E13}.Debug|iPhone.Build.0 = Debug|iPhone
		{DA9CC3D8-4AC5-4556-88E9-F704E353E39C}.Debug|Any CPU.ActiveCfg = Debug|Any CPU
		{DA9CC3D8-4AC5-4556-88E9-F704E353E39C}.Debug|Any CPU.Build.0 = Debug|Any CPU
		{DA9CC3D8-4AC5-4556-88E9-F704E353E39C}.Release|Any CPU.ActiveCfg = Release|Any CPU
		{DA9CC3D8-4AC5-4556-88E9-F704E353E39C}.Release|Any CPU.Build.0 = Release|Any CPU
		{DA9CC3D8-4AC5-4556-88E9-F704E353E39C}.Debug|iPhoneSimulator.ActiveCfg = Debug|Any CPU
		{DA9CC3D8-4AC5-4556-88E9-F704E353E39C}.Debug|iPhoneSimulator.Build.0 = Debug|Any CPU
		{DA9CC3D8-4AC5-4556-88E9-F704E353E39C}.Release|iPhone.ActiveCfg = Release|Any CPU
		{DA9CC3D8-4AC5-4556-88E9-F704E353E39C}.Release|iPhone.Build.0 = Release|Any CPU
		{DA9CC3D8-4AC5-4556-88E9-F704E353E39C}.Release|iPhoneSimulator.ActiveCfg = Release|Any CPU
		{DA9CC3D8-4AC5-4556-88E9-F704E353E39C}.Release|iPhoneSimulator.Build.0 = Release|Any CPU
		{DA9CC3D8-4AC5-4556-88E9-F704E353E39C}.Debug|iPhone.ActiveCfg = Debug|Any CPU
		{DA9CC3D8-4AC5-4556-88E9-F704E353E39C}.Debug|iPhone.Build.0 = Debug|Any CPU
	EndGlobalSection
EndGlobal
